// !$*UTF8*$!
{
	archiveVersion = 1;
	classes = {
	};
	objectVersion = 48;
	objects = {

/* Begin PBXBuildFile section */
		854B1B466213B7DB5C112DAC /* Pods_ItunesSearcher.framework in Frameworks */ = {isa = PBXBuildFile; fileRef = DACB00A4777237FF8A848052 /* Pods_ItunesSearcher.framework */; };
		E02A1FBD1FDFDFB400D730FB /* FeaturedViewController.swift in Sources */ = {isa = PBXBuildFile; fileRef = E02A1FBB1FDFDFB400D730FB /* FeaturedViewController.swift */; };
		E02A1FBE1FDFDFB400D730FB /* FeaturedViewController.xib in Resources */ = {isa = PBXBuildFile; fileRef = E02A1FBC1FDFDFB400D730FB /* FeaturedViewController.xib */; };
		E02A1FC11FDFDFCF00D730FB /* FeaturedPresenter.swift in Sources */ = {isa = PBXBuildFile; fileRef = E02A1FC01FDFDFCF00D730FB /* FeaturedPresenter.swift */; };
		E02A1FC41FDFDFE100D730FB /* FeaturedAssembly.swift in Sources */ = {isa = PBXBuildFile; fileRef = E02A1FC31FDFDFE100D730FB /* FeaturedAssembly.swift */; };
		E02A1FC71FDFE0BA00D730FB /* FeaturedRepository.swift in Sources */ = {isa = PBXBuildFile; fileRef = E02A1FC61FDFE0BA00D730FB /* FeaturedRepository.swift */; };
		E02A1FCE1FDFE5C300D730FB /* SearchAssembly.swift in Sources */ = {isa = PBXBuildFile; fileRef = E02A1FCD1FDFE5C300D730FB /* SearchAssembly.swift */; };
		E02A1FD01FDFE67000D730FB /* SearchNavigator.swift in Sources */ = {isa = PBXBuildFile; fileRef = E02A1FCF1FDFE67000D730FB /* SearchNavigator.swift */; };
		E02A1FD21FDFE71A00D730FB /* SearchResultsViewController.swift in Sources */ = {isa = PBXBuildFile; fileRef = E02A1FD11FDFE71A00D730FB /* SearchResultsViewController.swift */; };
		E02A1FD41FDFE72A00D730FB /* SearchResultsPresenter.swift in Sources */ = {isa = PBXBuildFile; fileRef = E02A1FD31FDFE72A00D730FB /* SearchResultsPresenter.swift */; };
		E02A1FD61FDFFE2300D730FB /* SearchResultsRepository.swift in Sources */ = {isa = PBXBuildFile; fileRef = E02A1FD51FDFFE2300D730FB /* SearchResultsRepository.swift */; };
		E02A1FDB1FE00CD100D730FB /* SearchCell.swift in Sources */ = {isa = PBXBuildFile; fileRef = E02A1FD91FE00CD100D730FB /* SearchCell.swift */; };
		E02A1FDC1FE00CD100D730FB /* SearchCell.xib in Resources */ = {isa = PBXBuildFile; fileRef = E02A1FDA1FE00CD100D730FB /* SearchCell.xib */; };
		E02A1FE01FE030A100D730FB /* SearchResultPresenter.swift in Sources */ = {isa = PBXBuildFile; fileRef = E02A1FDF1FE030A100D730FB /* SearchResultPresenter.swift */; };
		E02A1FE21FE0390D00D730FB /* DiscographyResult.swift in Sources */ = {isa = PBXBuildFile; fileRef = E02A1FE11FE0390D00D730FB /* DiscographyResult.swift */; };
		E02A1FE41FE0467400D730FB /* Page.swift in Sources */ = {isa = PBXBuildFile; fileRef = E02A1FE31FE0467400D730FB /* Page.swift */; };
		E0CD566C1FDF113400768E50 /* AppDelegate.swift in Sources */ = {isa = PBXBuildFile; fileRef = E0CD566B1FDF113400768E50 /* AppDelegate.swift */; };
		E0CD56731FDF113400768E50 /* Assets.xcassets in Resources */ = {isa = PBXBuildFile; fileRef = E0CD56721FDF113400768E50 /* Assets.xcassets */; };
		E0CD56761FDF113400768E50 /* LaunchScreen.storyboard in Resources */ = {isa = PBXBuildFile; fileRef = E0CD56741FDF113400768E50 /* LaunchScreen.storyboard */; };
		E0CD56831FDF153E00768E50 /* AppAssembly.swift in Sources */ = {isa = PBXBuildFile; fileRef = E0CD56821FDF153E00768E50 /* AppAssembly.swift */; };
		E0CD56851FDF163100768E50 /* CoreAssembly.swift in Sources */ = {isa = PBXBuildFile; fileRef = E0CD56841FDF163100768E50 /* CoreAssembly.swift */; };
		E0CD56871FDF172000768E50 /* Endpoint.swift in Sources */ = {isa = PBXBuildFile; fileRef = E0CD56861FDF172000768E50 /* Endpoint.swift */; };
		E0CD56891FDF172A00768E50 /* WebService.swift in Sources */ = {isa = PBXBuildFile; fileRef = E0CD56881FDF172A00768E50 /* WebService.swift */; };
		E0CD568B1FDF178300768E50 /* WebServiceAssembly.swift in Sources */ = {isa = PBXBuildFile; fileRef = E0CD568A1FDF178300768E50 /* WebServiceAssembly.swift */; };
		E0CD568D1FDF1C0400768E50 /* Artist.swift in Sources */ = {isa = PBXBuildFile; fileRef = E0CD568C1FDF1C0400768E50 /* Artist.swift */; };
		E0CD56911FDF1C2000768E50 /* Album.swift in Sources */ = {isa = PBXBuildFile; fileRef = E0CD56901FDF1C2000768E50 /* Album.swift */; };
/* End PBXBuildFile section */

/* Begin PBXFileReference section */
		61DC154D8E08CFF99B2844E0 /* Pods-ItunesSearcher.debug.xcconfig */ = {isa = PBXFileReference; includeInIndex = 1; lastKnownFileType = text.xcconfig; name = "Pods-ItunesSearcher.debug.xcconfig"; path = "Pods/Target Support Files/Pods-ItunesSearcher/Pods-ItunesSearcher.debug.xcconfig"; sourceTree = "<group>"; };
		66827792D6F7CA062F0C217B /* Pods-ItunesSearcher.release.xcconfig */ = {isa = PBXFileReference; includeInIndex = 1; lastKnownFileType = text.xcconfig; name = "Pods-ItunesSearcher.release.xcconfig"; path = "Pods/Target Support Files/Pods-ItunesSearcher/Pods-ItunesSearcher.release.xcconfig"; sourceTree = "<group>"; };
		DACB00A4777237FF8A848052 /* Pods_ItunesSearcher.framework */ = {isa = PBXFileReference; explicitFileType = wrapper.framework; includeInIndex = 0; path = Pods_ItunesSearcher.framework; sourceTree = BUILT_PRODUCTS_DIR; };
		E02A1FBB1FDFDFB400D730FB /* FeaturedViewController.swift */ = {isa = PBXFileReference; lastKnownFileType = sourcecode.swift; path = FeaturedViewController.swift; sourceTree = "<group>"; };
		E02A1FBC1FDFDFB400D730FB /* FeaturedViewController.xib */ = {isa = PBXFileReference; lastKnownFileType = file.xib; path = FeaturedViewController.xib; sourceTree = "<group>"; };
		E02A1FC01FDFDFCF00D730FB /* FeaturedPresenter.swift */ = {isa = PBXFileReference; lastKnownFileType = sourcecode.swift; path = FeaturedPresenter.swift; sourceTree = "<group>"; };
		E02A1FC31FDFDFE100D730FB /* FeaturedAssembly.swift */ = {isa = PBXFileReference; lastKnownFileType = sourcecode.swift; path = FeaturedAssembly.swift; sourceTree = "<group>"; };
		E02A1FC61FDFE0BA00D730FB /* FeaturedRepository.swift */ = {isa = PBXFileReference; lastKnownFileType = sourcecode.swift; path = FeaturedRepository.swift; sourceTree = "<group>"; };
		E02A1FCD1FDFE5C300D730FB /* SearchAssembly.swift */ = {isa = PBXFileReference; lastKnownFileType = sourcecode.swift; path = SearchAssembly.swift; sourceTree = "<group>"; };
		E02A1FCF1FDFE67000D730FB /* SearchNavigator.swift */ = {isa = PBXFileReference; lastKnownFileType = sourcecode.swift; path = SearchNavigator.swift; sourceTree = "<group>"; };
		E02A1FD11FDFE71A00D730FB /* SearchResultsViewController.swift */ = {isa = PBXFileReference; lastKnownFileType = sourcecode.swift; path = SearchResultsViewController.swift; sourceTree = "<group>"; };
		E02A1FD31FDFE72A00D730FB /* SearchResultsPresenter.swift */ = {isa = PBXFileReference; lastKnownFileType = sourcecode.swift; path = SearchResultsPresenter.swift; sourceTree = "<group>"; };
		E02A1FD51FDFFE2300D730FB /* SearchResultsRepository.swift */ = {isa = PBXFileReference; lastKnownFileType = sourcecode.swift; path = SearchResultsRepository.swift; sourceTree = "<group>"; };
		E02A1FD91FE00CD100D730FB /* SearchCell.swift */ = {isa = PBXFileReference; lastKnownFileType = sourcecode.swift; path = SearchCell.swift; sourceTree = "<group>"; };
		E02A1FDA1FE00CD100D730FB /* SearchCell.xib */ = {isa = PBXFileReference; lastKnownFileType = file.xib; path = SearchCell.xib; sourceTree = "<group>"; };
		E02A1FDF1FE030A100D730FB /* SearchResultPresenter.swift */ = {isa = PBXFileReference; lastKnownFileType = sourcecode.swift; path = SearchResultPresenter.swift; sourceTree = "<group>"; };
		E02A1FE11FE0390D00D730FB /* DiscographyResult.swift */ = {isa = PBXFileReference; lastKnownFileType = sourcecode.swift; path = DiscographyResult.swift; sourceTree = "<group>"; };
		E02A1FE31FE0467400D730FB /* Page.swift */ = {isa = PBXFileReference; lastKnownFileType = sourcecode.swift; path = Page.swift; sourceTree = "<group>"; };
		E0CD56681FDF113400768E50 /* ItunesSearcher.app */ = {isa = PBXFileReference; explicitFileType = wrapper.application; includeInIndex = 0; path = ItunesSearcher.app; sourceTree = BUILT_PRODUCTS_DIR; };
		E0CD566B1FDF113400768E50 /* AppDelegate.swift */ = {isa = PBXFileReference; lastKnownFileType = sourcecode.swift; path = AppDelegate.swift; sourceTree = "<group>"; };
		E0CD56721FDF113400768E50 /* Assets.xcassets */ = {isa = PBXFileReference; lastKnownFileType = folder.assetcatalog; path = Assets.xcassets; sourceTree = "<group>"; };
		E0CD56751FDF113400768E50 /* Base */ = {isa = PBXFileReference; lastKnownFileType = file.storyboard; name = Base; path = Base.lproj/LaunchScreen.storyboard; sourceTree = "<group>"; };
		E0CD56771FDF113400768E50 /* Info.plist */ = {isa = PBXFileReference; lastKnownFileType = text.plist.xml; path = Info.plist; sourceTree = "<group>"; };
		E0CD56821FDF153E00768E50 /* AppAssembly.swift */ = {isa = PBXFileReference; lastKnownFileType = sourcecode.swift; path = AppAssembly.swift; sourceTree = "<group>"; };
		E0CD56841FDF163100768E50 /* CoreAssembly.swift */ = {isa = PBXFileReference; lastKnownFileType = sourcecode.swift; path = CoreAssembly.swift; sourceTree = "<group>"; };
		E0CD56861FDF172000768E50 /* Endpoint.swift */ = {isa = PBXFileReference; lastKnownFileType = sourcecode.swift; path = Endpoint.swift; sourceTree = "<group>"; };
		E0CD56881FDF172A00768E50 /* WebService.swift */ = {isa = PBXFileReference; lastKnownFileType = sourcecode.swift; path = WebService.swift; sourceTree = "<group>"; };
		E0CD568A1FDF178300768E50 /* WebServiceAssembly.swift */ = {isa = PBXFileReference; lastKnownFileType = sourcecode.swift; path = WebServiceAssembly.swift; sourceTree = "<group>"; };
		E0CD568C1FDF1C0400768E50 /* Artist.swift */ = {isa = PBXFileReference; lastKnownFileType = sourcecode.swift; path = Artist.swift; sourceTree = "<group>"; };
		E0CD56901FDF1C2000768E50 /* Album.swift */ = {isa = PBXFileReference; lastKnownFileType = sourcecode.swift; path = Album.swift; sourceTree = "<group>"; };
/* End PBXFileReference section */

/* Begin PBXFrameworksBuildPhase section */
		E0CD56651FDF113400768E50 /* Frameworks */ = {
			isa = PBXFrameworksBuildPhase;
			buildActionMask = 2147483647;
			files = (
				854B1B466213B7DB5C112DAC /* Pods_ItunesSearcher.framework in Frameworks */,
			);
			runOnlyForDeploymentPostprocessing = 0;
		};
/* End PBXFrameworksBuildPhase section */

/* Begin PBXGroup section */
		4C96D391DDB4F5C114817898 /* Pods */ = {
			isa = PBXGroup;
			children = (
				61DC154D8E08CFF99B2844E0 /* Pods-ItunesSearcher.debug.xcconfig */,
				66827792D6F7CA062F0C217B /* Pods-ItunesSearcher.release.xcconfig */,
			);
			name = Pods;
			sourceTree = "<group>";
		};
		D1D09B035B0AA052D534CB16 /* Frameworks */ = {
			isa = PBXGroup;
			children = (
				DACB00A4777237FF8A848052 /* Pods_ItunesSearcher.framework */,
			);
			name = Frameworks;
			sourceTree = "<group>";
		};
		E02A1FBA1FDFDF9600D730FB /* Featured */ = {
			isa = PBXGroup;
			children = (
				E02A1FC51FDFE0A900D730FB /* Repositories */,
				E02A1FC21FDFDFD500D730FB /* DI */,
				E02A1FBF1FDFDFBC00D730FB /* Presentation */,
			);
			path = Featured;
			sourceTree = "<group>";
		};
		E02A1FBF1FDFDFBC00D730FB /* Presentation */ = {
			isa = PBXGroup;
			children = (
				E02A1FBB1FDFDFB400D730FB /* FeaturedViewController.swift */,
				E02A1FBC1FDFDFB400D730FB /* FeaturedViewController.xib */,
				E02A1FC01FDFDFCF00D730FB /* FeaturedPresenter.swift */,
			);
			path = Presentation;
			sourceTree = "<group>";
		};
		E02A1FC21FDFDFD500D730FB /* DI */ = {
			isa = PBXGroup;
			children = (
				E02A1FC31FDFDFE100D730FB /* FeaturedAssembly.swift */,
			);
			path = DI;
			sourceTree = "<group>";
		};
		E02A1FC51FDFE0A900D730FB /* Repositories */ = {
			isa = PBXGroup;
			children = (
				E02A1FC61FDFE0BA00D730FB /* FeaturedRepository.swift */,
			);
			path = Repositories;
			sourceTree = "<group>";
		};
		E02A1FC81FDFE58100D730FB /* Repositories */ = {
			isa = PBXGroup;
			children = (
				E02A1FD51FDFFE2300D730FB /* SearchResultsRepository.swift */,
			);
			path = Repositories;
			sourceTree = "<group>";
		};
		E02A1FC91FDFE58A00D730FB /* Navigators */ = {
			isa = PBXGroup;
			children = (
				E02A1FCF1FDFE67000D730FB /* SearchNavigator.swift */,
			);
			path = Navigators;
			sourceTree = "<group>";
		};
		E02A1FCA1FDFE59000D730FB /* DI */ = {
			isa = PBXGroup;
			children = (
				E02A1FCD1FDFE5C300D730FB /* SearchAssembly.swift */,
			);
			path = DI;
			sourceTree = "<group>";
		};
		E02A1FCB1FDFE59600D730FB /* Presentation */ = {
			isa = PBXGroup;
			children = (
				E02A1FD11FDFE71A00D730FB /* SearchResultsViewController.swift */,
				E02A1FD31FDFE72A00D730FB /* SearchResultsPresenter.swift */,
				E02A1FD91FE00CD100D730FB /* SearchCell.swift */,
				E02A1FDA1FE00CD100D730FB /* SearchCell.xib */,
				E02A1FDF1FE030A100D730FB /* SearchResultPresenter.swift */,
			);
			path = Presentation;
			sourceTree = "<group>";
		};
		E02A1FCC1FDFE5A000D730FB /* Domain */ = {
			isa = PBXGroup;
			children = (
				E02A1FE11FE0390D00D730FB /* DiscographyResult.swift */,
				E02A1FE31FE0467400D730FB /* Page.swift */,
			);
			path = Domain;
			sourceTree = "<group>";
		};
		E0CD565F1FDF113400768E50 = {
			isa = PBXGroup;
			children = (
				E0CD566A1FDF113400768E50 /* ItunesSearcher */,
				E0CD56691FDF113400768E50 /* Products */,
				4C96D391DDB4F5C114817898 /* Pods */,
				D1D09B035B0AA052D534CB16 /* Frameworks */,
			);
			sourceTree = "<group>";
		};
		E0CD56691FDF113400768E50 /* Products */ = {
			isa = PBXGroup;
			children = (
				E0CD56681FDF113400768E50 /* ItunesSearcher.app */,
			);
			name = Products;
			sourceTree = "<group>";
		};
		E0CD566A1FDF113400768E50 /* ItunesSearcher */ = {
			isa = PBXGroup;
			children = (
				E0CD566B1FDF113400768E50 /* AppDelegate.swift */,
				E0CD56821FDF153E00768E50 /* AppAssembly.swift */,
				E0CD56721FDF113400768E50 /* Assets.xcassets */,
				E0CD56741FDF113400768E50 /* LaunchScreen.storyboard */,
				E0CD56771FDF113400768E50 /* Info.plist */,
				E0CD567D1FDF144700768E50 /* ISCore */,
			);
			path = ItunesSearcher;
			sourceTree = "<group>";
		};
		E0CD567D1FDF144700768E50 /* ISCore */ = {
			isa = PBXGroup;
			children = (
				E02A1FBA1FDFDF9600D730FB /* Featured */,
				E0CD56811FDF148700768E50 /* Search */,
				E0CD56801FDF147C00768E50 /* Web Service */,
				E0CD567F1FDF147700768E50 /* Common */,
				E0CD567E1FDF147200768E50 /* DI */,
			);
			path = ISCore;
			sourceTree = "<group>";
		};
		E0CD567E1FDF147200768E50 /* DI */ = {
			isa = PBXGroup;
			children = (
				E0CD56841FDF163100768E50 /* CoreAssembly.swift */,
			);
			path = DI;
			sourceTree = "<group>";
		};
		E0CD567F1FDF147700768E50 /* Common */ = {
			isa = PBXGroup;
			children = (
				E0CD568C1FDF1C0400768E50 /* Artist.swift */,
				E0CD56901FDF1C2000768E50 /* Album.swift */,
			);
			path = Common;
			sourceTree = "<group>";
		};
		E0CD56801FDF147C00768E50 /* Web Service */ = {
			isa = PBXGroup;
			children = (
				E0CD56861FDF172000768E50 /* Endpoint.swift */,
				E0CD56881FDF172A00768E50 /* WebService.swift */,
				E0CD568A1FDF178300768E50 /* WebServiceAssembly.swift */,
			);
			path = "Web Service";
			sourceTree = "<group>";
		};
		E0CD56811FDF148700768E50 /* Search */ = {
			isa = PBXGroup;
			children = (
				E02A1FCC1FDFE5A000D730FB /* Domain */,
				E02A1FCB1FDFE59600D730FB /* Presentation */,
				E02A1FCA1FDFE59000D730FB /* DI */,
				E02A1FC91FDFE58A00D730FB /* Navigators */,
				E02A1FC81FDFE58100D730FB /* Repositories */,
			);
			path = Search;
			sourceTree = "<group>";
		};
/* End PBXGroup section */

/* Begin PBXNativeTarget section */
		E0CD56671FDF113400768E50 /* ItunesSearcher */ = {
			isa = PBXNativeTarget;
			buildConfigurationList = E0CD567A1FDF113400768E50 /* Build configuration list for PBXNativeTarget "ItunesSearcher" */;
			buildPhases = (
				D85335EE8D5026B9B53C9553 /* [CP] Check Pods Manifest.lock */,
				E0CD56641FDF113400768E50 /* Sources */,
				E0CD56651FDF113400768E50 /* Frameworks */,
				E0CD56661FDF113400768E50 /* Resources */,
				B6ACA19BA588FD3D207B99FA /* [CP] Embed Pods Frameworks */,
				D052531B0A07C88F0460BA94 /* [CP] Copy Pods Resources */,
			);
			buildRules = (
			);
			dependencies = (
			);
			name = ItunesSearcher;
			productName = ItunesSearcher;
			productReference = E0CD56681FDF113400768E50 /* ItunesSearcher.app */;
			productType = "com.apple.product-type.application";
		};
/* End PBXNativeTarget section */

/* Begin PBXProject section */
		E0CD56601FDF113400768E50 /* Project object */ = {
			isa = PBXProject;
			attributes = {
				LastSwiftUpdateCheck = 0920;
				LastUpgradeCheck = 0920;
				ORGANIZATIONNAME = "Fernando Frances";
				TargetAttributes = {
					E0CD56671FDF113400768E50 = {
						CreatedOnToolsVersion = 9.2;
						ProvisioningStyle = Automatic;
					};
				};
			};
			buildConfigurationList = E0CD56631FDF113400768E50 /* Build configuration list for PBXProject "ItunesSearcher" */;
			compatibilityVersion = "Xcode 8.0";
			developmentRegion = en;
			hasScannedForEncodings = 0;
			knownRegions = (
				en,
				Base,
			);
			mainGroup = E0CD565F1FDF113400768E50;
			productRefGroup = E0CD56691FDF113400768E50 /* Products */;
			projectDirPath = "";
			projectRoot = "";
			targets = (
				E0CD56671FDF113400768E50 /* ItunesSearcher */,
			);
		};
/* End PBXProject section */

/* Begin PBXResourcesBuildPhase section */
		E0CD56661FDF113400768E50 /* Resources */ = {
			isa = PBXResourcesBuildPhase;
			buildActionMask = 2147483647;
			files = (
				E0CD56761FDF113400768E50 /* LaunchScreen.storyboard in Resources */,
				E02A1FDC1FE00CD100D730FB /* SearchCell.xib in Resources */,
				E0CD56731FDF113400768E50 /* Assets.xcassets in Resources */,
				E02A1FBE1FDFDFB400D730FB /* FeaturedViewController.xib in Resources */,
			);
			runOnlyForDeploymentPostprocessing = 0;
		};
/* End PBXResourcesBuildPhase section */

/* Begin PBXShellScriptBuildPhase section */
		B6ACA19BA588FD3D207B99FA /* [CP] Embed Pods Frameworks */ = {
			isa = PBXShellScriptBuildPhase;
			buildActionMask = 2147483647;
			files = (
			);
			inputPaths = (
				"${SRCROOT}/Pods/Target Support Files/Pods-ItunesSearcher/Pods-ItunesSearcher-frameworks.sh",
				"${BUILT_PRODUCTS_DIR}/Kingfisher/Kingfisher.framework",
			);
			name = "[CP] Embed Pods Frameworks";
			outputPaths = (
				"${TARGET_BUILD_DIR}/${FRAMEWORKS_FOLDER_PATH}/Kingfisher.framework",
			);
			runOnlyForDeploymentPostprocessing = 0;
			shellPath = /bin/sh;
			shellScript = "\"${SRCROOT}/Pods/Target Support Files/Pods-ItunesSearcher/Pods-ItunesSearcher-frameworks.sh\"\n";
			showEnvVarsInLog = 0;
		};
		D052531B0A07C88F0460BA94 /* [CP] Copy Pods Resources */ = {
			isa = PBXShellScriptBuildPhase;
			buildActionMask = 2147483647;
			files = (
			);
			inputPaths = (
			);
			name = "[CP] Copy Pods Resources";
			outputPaths = (
			);
			runOnlyForDeploymentPostprocessing = 0;
			shellPath = /bin/sh;
			shellScript = "\"${SRCROOT}/Pods/Target Support Files/Pods-ItunesSearcher/Pods-ItunesSearcher-resources.sh\"\n";
			showEnvVarsInLog = 0;
		};
		D85335EE8D5026B9B53C9553 /* [CP] Check Pods Manifest.lock */ = {
			isa = PBXShellScriptBuildPhase;
			buildActionMask = 2147483647;
			files = (
			);
			inputPaths = (
				"${PODS_PODFILE_DIR_PATH}/Podfile.lock",
				"${PODS_ROOT}/Manifest.lock",
			);
			name = "[CP] Check Pods Manifest.lock";
			outputPaths = (
				"$(DERIVED_FILE_DIR)/Pods-ItunesSearcher-checkManifestLockResult.txt",
			);
			runOnlyForDeploymentPostprocessing = 0;
			shellPath = /bin/sh;
			shellScript = "diff \"${PODS_PODFILE_DIR_PATH}/Podfile.lock\" \"${PODS_ROOT}/Manifest.lock\" > /dev/null\nif [ $? != 0 ] ; then\n    # print error to STDERR\n    echo \"error: The sandbox is not in sync with the Podfile.lock. Run 'pod install' or update your CocoaPods installation.\" >&2\n    exit 1\nfi\n# This output is used by Xcode 'outputs' to avoid re-running this script phase.\necho \"SUCCESS\" > \"${SCRIPT_OUTPUT_FILE_0}\"\n";
			showEnvVarsInLog = 0;
		};
/* End PBXShellScriptBuildPhase section */

/* Begin PBXSourcesBuildPhase section */
		E0CD56641FDF113400768E50 /* Sources */ = {
			isa = PBXSourcesBuildPhase;
			buildActionMask = 2147483647;
			files = (
				E0CD56851FDF163100768E50 /* CoreAssembly.swift in Sources */,
				E02A1FE21FE0390D00D730FB /* DiscographyResult.swift in Sources */,
				E0CD566C1FDF113400768E50 /* AppDelegate.swift in Sources */,
				E0CD56871FDF172000768E50 /* Endpoint.swift in Sources */,
				E0CD56891FDF172A00768E50 /* WebService.swift in Sources */,
				E02A1FDB1FE00CD100D730FB /* SearchCell.swift in Sources */,
				E02A1FE41FE0467400D730FB /* Page.swift in Sources */,
				E02A1FD21FDFE71A00D730FB /* SearchResultsViewController.swift in Sources */,
				E02A1FD61FDFFE2300D730FB /* SearchResultsRepository.swift in Sources */,
				E02A1FBD1FDFDFB400D730FB /* FeaturedViewController.swift in Sources */,
				E0CD568B1FDF178300768E50 /* WebServiceAssembly.swift in Sources */,
				E02A1FD41FDFE72A00D730FB /* SearchResultsPresenter.swift in Sources */,
				E02A1FCE1FDFE5C300D730FB /* SearchAssembly.swift in Sources */,
				E02A1FC41FDFDFE100D730FB /* FeaturedAssembly.swift in Sources */,
				E0CD56831FDF153E00768E50 /* AppAssembly.swift in Sources */,
				E0CD568D1FDF1C0400768E50 /* Artist.swift in Sources */,
				E02A1FC11FDFDFCF00D730FB /* FeaturedPresenter.swift in Sources */,
				E0CD56911FDF1C2000768E50 /* Album.swift in Sources */,
				E02A1FC71FDFE0BA00D730FB /* FeaturedRepository.swift in Sources */,
				E02A1FD01FDFE67000D730FB /* SearchNavigator.swift in Sources */,
				E02A1FE01FE030A100D730FB /* SearchResultPresenter.swift in Sources */,
			);
			runOnlyForDeploymentPostprocessing = 0;
		};
/* End PBXSourcesBuildPhase section */

/* Begin PBXVariantGroup section */
		E0CD56741FDF113400768E50 /* LaunchScreen.storyboard */ = {
			isa = PBXVariantGroup;
			children = (
				E0CD56751FDF113400768E50 /* Base */,
			);
			name = LaunchScreen.storyboard;
			sourceTree = "<group>";
		};
/* End PBXVariantGroup section */

/* Begin XCBuildConfiguration section */
		E0CD56781FDF113400768E50 /* Debug */ = {
			isa = XCBuildConfiguration;
			buildSettings = {
				ALWAYS_SEARCH_USER_PATHS = NO;
				CLANG_ANALYZER_NONNULL = YES;
				CLANG_ANALYZER_NUMBER_OBJECT_CONVERSION = YES_AGGRESSIVE;
				CLANG_CXX_LANGUAGE_STANDARD = "gnu++14";
				CLANG_CXX_LIBRARY = "libc++";
				CLANG_ENABLE_MODULES = YES;
				CLANG_ENABLE_OBJC_ARC = YES;
				CLANG_WARN_BLOCK_CAPTURE_AUTORELEASING = YES;
				CLANG_WARN_BOOL_CONVERSION = YES;
				CLANG_WARN_COMMA = YES;
				CLANG_WARN_CONSTANT_CONVERSION = YES;
				CLANG_WARN_DIRECT_OBJC_ISA_USAGE = YES_ERROR;
				CLANG_WARN_DOCUMENTATION_COMMENTS = YES;
				CLANG_WARN_EMPTY_BODY = YES;
				CLANG_WARN_ENUM_CONVERSION = YES;
				CLANG_WARN_INFINITE_RECURSION = YES;
				CLANG_WARN_INT_CONVERSION = YES;
				CLANG_WARN_NON_LITERAL_NULL_CONVERSION = YES;
				CLANG_WARN_OBJC_LITERAL_CONVERSION = YES;
				CLANG_WARN_OBJC_ROOT_CLASS = YES_ERROR;
				CLANG_WARN_RANGE_LOOP_ANALYSIS = YES;
				CLANG_WARN_STRICT_PROTOTYPES = YES;
				CLANG_WARN_SUSPICIOUS_MOVE = YES;
				CLANG_WARN_UNGUARDED_AVAILABILITY = YES_AGGRESSIVE;
				CLANG_WARN_UNREACHABLE_CODE = YES;
				CLANG_WARN__DUPLICATE_METHOD_MATCH = YES;
				CODE_SIGN_IDENTITY = "iPhone Developer";
				COPY_PHASE_STRIP = NO;
				DEBUG_INFORMATION_FORMAT = dwarf;
				ENABLE_STRICT_OBJC_MSGSEND = YES;
				ENABLE_TESTABILITY = YES;
				GCC_C_LANGUAGE_STANDARD = gnu11;
				GCC_DYNAMIC_NO_PIC = NO;
				GCC_NO_COMMON_BLOCKS = YES;
				GCC_OPTIMIZATION_LEVEL = 0;
				GCC_PREPROCESSOR_DEFINITIONS = (
					"DEBUG=1",
					"$(inherited)",
				);
				GCC_WARN_64_TO_32_BIT_CONVERSION = YES;
				GCC_WARN_ABOUT_RETURN_TYPE = YES_ERROR;
				GCC_WARN_UNDECLARED_SELECTOR = YES;
				GCC_WARN_UNINITIALIZED_AUTOS = YES_AGGRESSIVE;
				GCC_WARN_UNUSED_FUNCTION = YES;
				GCC_WARN_UNUSED_VARIABLE = YES;
				IPHONEOS_DEPLOYMENT_TARGET = 11.2;
				MTL_ENABLE_DEBUG_INFO = YES;
				ONLY_ACTIVE_ARCH = YES;
				SDKROOT = iphoneos;
				SWIFT_ACTIVE_COMPILATION_CONDITIONS = DEBUG;
				SWIFT_OPTIMIZATION_LEVEL = "-Onone";
			};
			name = Debug;
		};
		E0CD56791FDF113400768E50 /* Release */ = {
			isa = XCBuildConfiguration;
			buildSettings = {
				ALWAYS_SEARCH_USER_PATHS = NO;
				CLANG_ANALYZER_NONNULL = YES;
				CLANG_ANALYZER_NUMBER_OBJECT_CONVERSION = YES_AGGRESSIVE;
				CLANG_CXX_LANGUAGE_STANDARD = "gnu++14";
				CLANG_CXX_LIBRARY = "libc++";
				CLANG_ENABLE_MODULES = YES;
				CLANG_ENABLE_OBJC_ARC = YES;
				CLANG_WARN_BLOCK_CAPTURE_AUTORELEASING = YES;
				CLANG_WARN_BOOL_CONVERSION = YES;
				CLANG_WARN_COMMA = YES;
				CLANG_WARN_CONSTANT_CONVERSION = YES;
				CLANG_WARN_DIRECT_OBJC_ISA_USAGE = YES_ERROR;
				CLANG_WARN_DOCUMENTATION_COMMENTS = YES;
				CLANG_WARN_EMPTY_BODY = YES;
				CLANG_WARN_ENUM_CONVERSION = YES;
				CLANG_WARN_INFINITE_RECURSION = YES;
				CLANG_WARN_INT_CONVERSION = YES;
				CLANG_WARN_NON_LITERAL_NULL_CONVERSION = YES;
				CLANG_WARN_OBJC_LITERAL_CONVERSION = YES;
				CLANG_WARN_OBJC_ROOT_CLASS = YES_ERROR;
				CLANG_WARN_RANGE_LOOP_ANALYSIS = YES;
				CLANG_WARN_STRICT_PROTOTYPES = YES;
				CLANG_WARN_SUSPICIOUS_MOVE = YES;
				CLANG_WARN_UNGUARDED_AVAILABILITY = YES_AGGRESSIVE;
				CLANG_WARN_UNREACHABLE_CODE = YES;
				CLANG_WARN__DUPLICATE_METHOD_MATCH = YES;
				CODE_SIGN_IDENTITY = "iPhone Developer";
				COPY_PHASE_STRIP = NO;
				DEBUG_INFORMATION_FORMAT = "dwarf-with-dsym";
				ENABLE_NS_ASSERTIONS = NO;
				ENABLE_STRICT_OBJC_MSGSEND = YES;
				GCC_C_LANGUAGE_STANDARD = gnu11;
				GCC_NO_COMMON_BLOCKS = YES;
				GCC_WARN_64_TO_32_BIT_CONVERSION = YES;
				GCC_WARN_ABOUT_RETURN_TYPE = YES_ERROR;
				GCC_WARN_UNDECLARED_SELECTOR = YES;
				GCC_WARN_UNINITIALIZED_AUTOS = YES_AGGRESSIVE;
				GCC_WARN_UNUSED_FUNCTION = YES;
				GCC_WARN_UNUSED_VARIABLE = YES;
				IPHONEOS_DEPLOYMENT_TARGET = 11.2;
				MTL_ENABLE_DEBUG_INFO = NO;
				SDKROOT = iphoneos;
				SWIFT_OPTIMIZATION_LEVEL = "-Owholemodule";
				VALIDATE_PRODUCT = YES;
			};
			name = Release;
		};
		E0CD567B1FDF113400768E50 /* Debug */ = {
			isa = XCBuildConfiguration;
			baseConfigurationReference = 61DC154D8E08CFF99B2844E0 /* Pods-ItunesSearcher.debug.xcconfig */;
			buildSettings = {
				ASSETCATALOG_COMPILER_APPICON_NAME = AppIcon;
				CODE_SIGN_STYLE = Automatic;
				DEVELOPMENT_TEAM = PHJ7WUPNX4;
				INFOPLIST_FILE = ItunesSearcher/Info.plist;
				LD_RUNPATH_SEARCH_PATHS = "$(inherited) @executable_path/Frameworks";
				PRODUCT_BUNDLE_IDENTIFIER = FernandoFrances.ItunesSearcher;
				PRODUCT_NAME = "$(TARGET_NAME)";
				SWIFT_VERSION = 4.0;
				TARGETED_DEVICE_FAMILY = "1,2";
			};
			name = Debug;
		};
		E0CD567C1FDF113400768E50 /* Release */ = {
			isa = XCBuildConfiguration;
			baseConfigurationReference = 66827792D6F7CA062F0C217B /* Pods-ItunesSearcher.release.xcconfig */;
			buildSettings = {
				ASSETCATALOG_COMPILER_APPICON_NAME = AppIcon;
				CODE_SIGN_STYLE = Automatic;
				DEVELOPMENT_TEAM = PHJ7WUPNX4;
				INFOPLIST_FILE = ItunesSearcher/Info.plist;
				LD_RUNPATH_SEARCH_PATHS = "$(inherited) @executable_path/Frameworks";
				PRODUCT_BUNDLE_IDENTIFIER = FernandoFrances.ItunesSearcher;
				PRODUCT_NAME = "$(TARGET_NAME)";
				SWIFT_VERSION = 4.0;
				TARGETED_DEVICE_FAMILY = "1,2";
			};
			name = Release;
		};
/* End XCBuildConfiguration section */

/* Begin XCConfigurationList section */
		E0CD56631FDF113400768E50 /* Build configuration list for PBXProject "ItunesSearcher" */ = {
			isa = XCConfigurationList;
			buildConfigurations = (
				E0CD56781FDF113400768E50 /* Debug */,
				E0CD56791FDF113400768E50 /* Release */,
			);
			defaultConfigurationIsVisible = 0;
			defaultConfigurationName = Release;
		};
		E0CD567A1FDF113400768E50 /* Build configuration list for PBXNativeTarget "ItunesSearcher" */ = {
			isa = XCConfigurationList;
			buildConfigurations = (
				E0CD567B1FDF113400768E50 /* Debug */,
				E0CD567C1FDF113400768E50 /* Release */,
			);
			defaultConfigurationIsVisible = 0;
			defaultConfigurationName = Release;
		};
/* End XCConfigurationList section */
	};
	rootObject = E0CD56601FDF113400768E50 /* Project object */;
}
